
Microsoft Visual Studio Solution File, Format Version 12.00
# Visual Studio Version 17
VisualStudioVersion = 17.8.34511.84
MinimumVisualStudioVersion = 10.0.40219.1
Project("{FAE04EC0-301F-11D3-BF4B-00C04F79EFBC}") = "7-2-12", "7-2-12\7-2-12.csproj", "{C9F387BA-6347-40BE-A248-23735B17B75D}"
EndProject
Global
	GlobalSection(SolutionConfigurationPlatforms) = preSolution
		Debug|Any CPU = Debug|Any CPU
		Release|Any CPU = Release|Any CPU
	EndGlobalSection
	GlobalSection(ProjectConfigurationPlatforms) = postSolution
		{C9F387BA-6347-40BE-A248-23735B17B75D}.Debug|Any CPU.ActiveCfg = Debug|Any CPU
		{C9F387BA-6347-40BE-A248-23735B17B75D}.Debug|Any CPU.Build.0 = Debug|Any CPU
		{C9F387BA-6347-40BE-A248-23735B17B75D}.Release|Any CPU.ActiveCfg = Release|Any CPU
		{C9F387BA-6347-40BE-A248-23735B17B75D}.Release|Any CPU.Build.0 = Release|Any CPU
	EndGlobalSection
	GlobalSection(SolutionProperties) = preSolution
		HideSolutionNode = FALSE
	EndGlobalSection
	GlobalSection(ExtensibilityGlobals) = postSolution
		SolutionGuid = {252E6CE0-F918-4439-9C95-2151B130CB64}
	EndGlobalSection
EndGlobal
